
Microsoft Visual Studio Solution File, Format Version 12.00
# Visual Studio Version 17
VisualStudioVersion = 17.3.32804.467
MinimumVisualStudioVersion = 10.0.40219.1
Project("{FAE04EC0-301F-11D3-BF4B-00C04F79EFBC}") = "ISP ChatClient", "ISP ChatClient.csproj", "{EC2148B0-4A94-4E71-8525-9F6CC40A8088}"
EndProject
Global
	GlobalSection(SolutionConfigurationPlatforms) = preSolution
		Debug|Any CPU = Debug|Any CPU
		Release|Any CPU = Release|Any CPU
	EndGlobalSection
	GlobalSection(ProjectConfigurationPlatforms) = postSolution
		{EC2148B0-4A94-4E71-8525-9F6CC40A8088}.Debug|Any CPU.ActiveCfg = Debug|Any CPU
		{EC2148B0-4A94-4E71-8525-9F6CC40A8088}.Debug|Any CPU.Build.0 = Debug|Any CPU
		{EC2148B0-4A94-4E71-8525-9F6CC40A8088}.Release|Any CPU.ActiveCfg = Release|Any CPU
		{EC2148B0-4A94-4E71-8525-9F6CC40A8088}.Release|Any CPU.Build.0 = Release|Any CPU
	EndGlobalSection
	GlobalSection(SolutionProperties) = preSolution
		HideSolutionNode = FALSE
	EndGlobalSection
	GlobalSection(ExtensibilityGlobals) = postSolution
		SolutionGuid = {77302513-8F50-4332-8D29-E47DEA031A6B}
	EndGlobalSection
EndGlobal
