
Microsoft Visual Studio Solution File, Format Version 12.00
# Visual Studio Version 17
VisualStudioVersion = 17.3.32804.467
MinimumVisualStudioVersion = 10.0.40219.1
Project("{FAE04EC0-301F-11D3-BF4B-00C04F79EFBC}") = "ISP_RAC1_ChatClient_SRV", "ISP_RAC1_ChatClient_SRV.csproj", "{ECD2D4FF-520A-4A23-B43E-7A30505F33A7}"
EndProject
Global
	GlobalSection(SolutionConfigurationPlatforms) = preSolution
		Debug|Any CPU = Debug|Any CPU
		Release|Any CPU = Release|Any CPU
	EndGlobalSection
	GlobalSection(ProjectConfigurationPlatforms) = postSolution
		{ECD2D4FF-520A-4A23-B43E-7A30505F33A7}.Debug|Any CPU.ActiveCfg = Debug|Any CPU
		{ECD2D4FF-520A-4A23-B43E-7A30505F33A7}.Debug|Any CPU.Build.0 = Debug|Any CPU
		{ECD2D4FF-520A-4A23-B43E-7A30505F33A7}.Release|Any CPU.ActiveCfg = Release|Any CPU
		{ECD2D4FF-520A-4A23-B43E-7A30505F33A7}.Release|Any CPU.Build.0 = Release|Any CPU
	EndGlobalSection
	GlobalSection(SolutionProperties) = preSolution
		HideSolutionNode = FALSE
	EndGlobalSection
	GlobalSection(ExtensibilityGlobals) = postSolution
		SolutionGuid = {1A961A59-481C-47E3-A8AB-087C2970C7F7}
	EndGlobalSection
EndGlobal
